
Microsoft Visual Studio Solution File, Format Version 12.00
# Visual Studio Version 16
VisualStudioVersion = 16.0.29006.145
MinimumVisualStudioVersion = 10.0.40219.1
Project("{9A19103F-16F7-4668-BE54-9A1E7A4F7556}") = "BabysitterPayCalculator.Tests", "BabysitterPayCalculator.Tests\BabysitterPayCalculator.Tests.csproj", "{EF2E69AC-8760-4CD9-B3A1-77172D7177EE}"
EndProject
Project("{FAE04EC0-301F-11D3-BF4B-00C04F79EFBC}") = "BabysitterPayCalculator.Library", "BabysitterPayCalculator.Library\BabysitterPayCalculator.Library.csproj", "{18D3A8CC-7FEE-4A7E-B774-6CF099F7697C}"
EndProject
Global
	GlobalSection(SolutionConfigurationPlatforms) = preSolution
		Debug|Any CPU = Debug|Any CPU
		Release|Any CPU = Release|Any CPU
	EndGlobalSection
	GlobalSection(ProjectConfigurationPlatforms) = postSolution
		{EF2E69AC-8760-4CD9-B3A1-77172D7177EE}.Debug|Any CPU.ActiveCfg = Debug|Any CPU
		{EF2E69AC-8760-4CD9-B3A1-77172D7177EE}.Debug|Any CPU.Build.0 = Debug|Any CPU
		{EF2E69AC-8760-4CD9-B3A1-77172D7177EE}.Release|Any CPU.ActiveCfg = Release|Any CPU
		{EF2E69AC-8760-4CD9-B3A1-77172D7177EE}.Release|Any CPU.Build.0 = Release|Any CPU
		{18D3A8CC-7FEE-4A7E-B774-6CF099F7697C}.Debug|Any CPU.ActiveCfg = Debug|Any CPU
		{18D3A8CC-7FEE-4A7E-B774-6CF099F7697C}.Debug|Any CPU.Build.0 = Debug|Any CPU
		{18D3A8CC-7FEE-4A7E-B774-6CF099F7697C}.Release|Any CPU.ActiveCfg = Release|Any CPU
		{18D3A8CC-7FEE-4A7E-B774-6CF099F7697C}.Release|Any CPU.Build.0 = Release|Any CPU
	EndGlobalSection
	GlobalSection(SolutionProperties) = preSolution
		HideSolutionNode = FALSE
	EndGlobalSection
	GlobalSection(ExtensibilityGlobals) = postSolution
		SolutionGuid = {FFDFCB29-2E52-404E-B1F8-C4E8BA9ADB70}
	EndGlobalSection
EndGlobal
